
Microsoft Visual Studio Solution File, Format Version 12.00
# Visual Studio 15
VisualStudioVersion = 15.0.28307.572
MinimumVisualStudioVersion = 10.0.40219.1
Project("{FAE04EC0-301F-11D3-BF4B-00C04F79EFBC}") = "First personal profile website", "First personal profile website\First personal profile website.csproj", "{E1828DF2-D616-4B09-8C07-D2E1FE724C17}"
EndProject
Global
	GlobalSection(SolutionConfigurationPlatforms) = preSolution
		Debug|x86 = Debug|x86
	EndGlobalSection
	GlobalSection(ProjectConfigurationPlatforms) = postSolution
		{E1828DF2-D616-4B09-8C07-D2E1FE724C17}.Debug|x86.ActiveCfg = Debug|x86
		{E1828DF2-D616-4B09-8C07-D2E1FE724C17}.Debug|x86.Build.0 = Debug|x86
	EndGlobalSection
	GlobalSection(SolutionProperties) = preSolution
		HideSolutionNode = FALSE
	EndGlobalSection
	GlobalSection(ExtensibilityGlobals) = postSolution
		SolutionGuid = {B1814084-943B-4FEC-8FDF-A317A3CAB42B}
	EndGlobalSection
EndGlobal
